// !$*UTF8*$!
{
	archiveVersion = 1;
	classes = {
	};
	objectVersion = 46;
	objects = {

/* Begin PBXBuildFile section */
		133DA5CC1F3046580051F9EF /* AppDelegate.swift in Sources */ = {isa = PBXBuildFile; fileRef = 133DA5CB1F3046580051F9EF /* AppDelegate.swift */; };
		133DA5CE1F3046580051F9EF /* ViewController.swift in Sources */ = {isa = PBXBuildFile; fileRef = 133DA5CD1F3046580051F9EF /* ViewController.swift */; };
		133DA5D11F3046580051F9EF /* Main.storyboard in Resources */ = {isa = PBXBuildFile; fileRef = 133DA5CF1F3046580051F9EF /* Main.storyboard */; };
		133DA5D31F3046580051F9EF /* Assets.xcassets in Resources */ = {isa = PBXBuildFile; fileRef = 133DA5D21F3046580051F9EF /* Assets.xcassets */; };
		133DA5D61F3046580051F9EF /* LaunchScreen.storyboard in Resources */ = {isa = PBXBuildFile; fileRef = 133DA5D41F3046580051F9EF /* LaunchScreen.storyboard */; };
		133DA5DF1F3046C00051F9EF /* MultipeerConnectivity.framework in Frameworks */ = {isa = PBXBuildFile; fileRef = 133DA5DE1F3046C00051F9EF /* MultipeerConnectivity.framework */; };
/* End PBXBuildFile section */

/* Begin PBXFileReference section */
		133DA5C81F3046580051F9EF /* DeviceConnecitivity_Demo.app */ = {isa = PBXFileReference; explicitFileType = wrapper.application; includeInIndex = 0; path = DeviceConnecitivity_Demo.app; sourceTree = BUILT_PRODUCTS_DIR; };
		133DA5CB1F3046580051F9EF /* AppDelegate.swift */ = {isa = PBXFileReference; lastKnownFileType = sourcecode.swift; path = AppDelegate.swift; sourceTree = "<group>"; };
		133DA5CD1F3046580051F9EF /* ViewController.swift */ = {isa = PBXFileReference; lastKnownFileType = sourcecode.swift; path = ViewController.swift; sourceTree = "<group>"; };
		133DA5D01F3046580051F9EF /* Base */ = {isa = PBXFileReference; lastKnownFileType = file.storyboard; name = Base; path = Base.lproj/Main.storyboard; sourceTree = "<group>"; };
		133DA5D21F3046580051F9EF /* Assets.xcassets */ = {isa = PBXFileReference; lastKnownFileType = folder.assetcatalog; path = Assets.xcassets; sourceTree = "<group>"; };
		133DA5D51F3046580051F9EF /* Base */ = {isa = PBXFileReference; lastKnownFileType = file.storyboard; name = Base; path = Base.lproj/LaunchScreen.storyboard; sourceTree = "<group>"; };
		133DA5D71F3046580051F9EF /* Info.plist */ = {isa = PBXFileReference; lastKnownFileType = text.plist.xml; path = Info.plist; sourceTree = "<group>"; };
		133DA5DE1F3046C00051F9EF /* MultipeerConnectivity.framework */ = {isa = PBXFileReference; lastKnownFileType = wrapper.framework; name = MultipeerConnectivity.framework; path = System/Library/Frameworks/MultipeerConnectivity.framework; sourceTree = SDKROOT; };
/* End PBXFileReference section */

/* Begin PBXFrameworksBuildPhase section */
		133DA5C51F3046580051F9EF /* Frameworks */ = {
			isa = PBXFrameworksBuildPhase;
			buildActionMask = 2147483647;
			files = (
				133DA5DF1F3046C00051F9EF /* MultipeerConnectivity.framework in Frameworks */,
			);
			runOnlyForDeploymentPostprocessing = 0;
		};
/* End PBXFrameworksBuildPhase section */

/* Begin PBXGroup section */
		133DA5BF1F3046580051F9EF = {
			isa = PBXGroup;
			children = (
				133DA5CA1F3046580051F9EF /* DeviceConnecitivity_Demo */,
				133DA5C91F3046580051F9EF /* Products */,
				133DA5DD1F3046BF0051F9EF /* Frameworks */,
			);
			sourceTree = "<group>";
		};
		133DA5C91F3046580051F9EF /* Products */ = {
			isa = PBXGroup;
			children = (
				133DA5C81F3046580051F9EF /* DeviceConnecitivity_Demo.app */,
			);
			name = Products;
			sourceTree = "<group>";
		};
		133DA5CA1F3046580051F9EF /* DeviceConnecitivity_Demo */ = {
			isa = PBXGroup;
			children = (
				133DA5CB1F3046580051F9EF /* AppDelegate.swift */,
				133DA5CD1F3046580051F9EF /* ViewController.swift */,
				133DA5CF1F3046580051F9EF /* Main.storyboard */,
				133DA5D21F3046580051F9EF /* Assets.xcassets */,
				133DA5D41F3046580051F9EF /* LaunchScreen.storyboard */,
				133DA5D71F3046580051F9EF /* Info.plist */,
			);
			path = DeviceConnecitivity_Demo;
			sourceTree = "<group>";
		};
		133DA5DD1F3046BF0051F9EF /* Frameworks */ = {
			isa = PBXGroup;
			children = (
				133DA5DE1F3046C00051F9EF /* MultipeerConnectivity.framework */,
			);
			name = Frameworks;
			sourceTree = "<group>";
		};
/* End PBXGroup section */

/* Begin PBXNativeTarget section */
		133DA5C71F3046580051F9EF /* DeviceConnecitivity_Demo */ = {
			isa = PBXNativeTarget;
			buildConfigurationList = 133DA5DA1F3046580051F9EF /* Build configuration list for PBXNativeTarget "DeviceConnecitivity_Demo" */;
			buildPhases = (
				133DA5C41F3046580051F9EF /* Sources */,
				133DA5C51F3046580051F9EF /* Frameworks */,
				133DA5C61F3046580051F9EF /* Resources */,
			);
			buildRules = (
			);
			dependencies = (
			);
			name = DeviceConnecitivity_Demo;
			productName = DeviceConnecitivity_Demo;
			productReference = 133DA5C81F3046580051F9EF /* DeviceConnecitivity_Demo.app */;
			productType = "com.apple.product-type.application";
		};
/* End PBXNativeTarget section */

/* Begin PBXProject section */
		133DA5C01F3046580051F9EF /* Project object */ = {
			isa = PBXProject;
			attributes = {
				LastSwiftUpdateCheck = 0830;
				LastUpgradeCheck = 0830;
				ORGANIZATIONNAME = "Vikash Kumar";
				TargetAttributes = {
					133DA5C71F3046580051F9EF = {
						CreatedOnToolsVersion = 8.3.3;
						DevelopmentTeam = RF7N2574KF;
						ProvisioningStyle = Automatic;
					};
				};
			};
			buildConfigurationList = 133DA5C31F3046580051F9EF /* Build configuration list for PBXProject "DeviceConnecitivity_Demo" */;
			compatibilityVersion = "Xcode 3.2";
			developmentRegion = English;
			hasScannedForEncodings = 0;
			knownRegions = (
				en,
				Base,
			);
			mainGroup = 133DA5BF1F3046580051F9EF;
			productRefGroup = 133DA5C91F3046580051F9EF /* Products */;
			projectDirPath = "";
			projectRoot = "";
			targets = (
				133DA5C71F3046580051F9EF /* DeviceConnecitivity_Demo */,
			);
		};
/* End PBXProject section */

/* Begin PBXResourcesBuildPhase section */
		133DA5C61F3046580051F9EF /* Resources */ = {
			isa = PBXResourcesBuildPhase;
			buildActionMask = 2147483647;
			files = (
				133DA5D61F3046580051F9EF /* LaunchScreen.storyboard in Resources */,
				133DA5D31F3046580051F9EF /* Assets.xcassets in Resources */,
				133DA5D11F3046580051F9EF /* Main.storyboard in Resources */,
			);
			runOnlyForDeploymentPostprocessing = 0;
		};
/* End PBXResourcesBuildPhase section */

/* Begin PBXSourcesBuildPhase section */
		133DA5C41F3046580051F9EF /* Sources */ = {
			isa = PBXSourcesBuildPhase;
			buildActionMask = 2147483647;
			files = (
				133DA5CE1F3046580051F9EF /* ViewController.swift in Sources */,
				133DA5CC1F3046580051F9EF /* AppDelegate.swift in Sources */,
			);
			runOnlyForDeploymentPostprocessing = 0;
		};
/* End PBXSourcesBuildPhase section */

/* Begin PBXVariantGroup section */
		133DA5CF1F3046580051F9EF /* Main.storyboard */ = {
			isa = PBXVariantGroup;
			children = (
				133DA5D01F3046580051F9EF /* Base */,
			);
			name = Main.storyboard;
			sourceTree = "<group>";
		};
		133DA5D41F3046580051F9EF /* LaunchScreen.storyboard */ = {
			isa = PBXVariantGroup;
			children = (
				133DA5D51F3046580051F9EF /* Base */,
			);
			name = LaunchScreen.storyboard;
			sourceTree = "<group>";
		};
/* End PBXVariantGroup section */

/* Begin XCBuildConfiguration section */
		133DA5D81F3046580051F9EF /* Debug */ = {
			isa = XCBuildConfiguration;
			buildSettings = {
				ALWAYS_SEARCH_USER_PATHS = NO;
				CLANG_ANALYZER_NONNULL = YES;
				CLANG_ANALYZER_NUMBER_OBJECT_CONVERSION = YES_AGGRESSIVE;
				CLANG_CXX_LANGUAGE_STANDARD = "gnu++0x";
				CLANG_CXX_LIBRARY = "libc++";
				CLANG_ENABLE_MODULES = YES;
				CLANG_ENABLE_OBJC_ARC = YES;
				CLANG_WARN_BOOL_CONVERSION = YES;
				CLANG_WARN_CONSTANT_CONVERSION = YES;
				CLANG_WARN_DIRECT_OBJC_ISA_USAGE = YES_ERROR;
				CLANG_WARN_DOCUMENTATION_COMMENTS = YES;
				CLANG_WARN_EMPTY_BODY = YES;
				CLANG_WARN_ENUM_CONVERSION = YES;
				CLANG_WARN_INFINITE_RECURSION = YES;
				CLANG_WARN_INT_CONVERSION = YES;
				CLANG_WARN_OBJC_ROOT_CLASS = YES_ERROR;
				CLANG_WARN_SUSPICIOUS_MOVE = YES;
				CLANG_WARN_UNREACHABLE_CODE = YES;
				CLANG_WARN__DUPLICATE_METHOD_MATCH = YES;
				"CODE_SIGN_IDENTITY[sdk=iphoneos*]" = "iPhone Developer";
				COPY_PHASE_STRIP = NO;
				DEBUG_INFORMATION_FORMAT = dwarf;
				ENABLE_STRICT_OBJC_MSGSEND = YES;
				ENABLE_TESTABILITY = YES;
				GCC_C_LANGUAGE_STANDARD = gnu99;
				GCC_DYNAMIC_NO_PIC = NO;
				GCC_NO_COMMON_BLOCKS = YES;
				GCC_OPTIMIZATION_LEVEL = 0;
				GCC_PREPROCESSOR_DEFINITIONS = (
					"DEBUG=1",
					"$(inherited)",
				);
				GCC_WARN_64_TO_32_BIT_CONVERSION = YES;
				GCC_WARN_ABOUT_RETURN_TYPE = YES_ERROR;
				GCC_WARN_UNDECLARED_SELECTOR = YES;
				GCC_WARN_UNINITIALIZED_AUTOS = YES_AGGRESSIVE;
				GCC_WARN_UNUSED_FUNCTION = YES;
				GCC_WARN_UNUSED_VARIABLE = YES;
				IPHONEOS_DEPLOYMENT_TARGET = 10.3;
				MTL_ENABLE_DEBUG_INFO = YES;
				ONLY_ACTIVE_ARCH = YES;
				SDKROOT = iphoneos;
				SWIFT_ACTIVE_COMPILATION_CONDITIONS = DEBUG;
				SWIFT_OPTIMIZATION_LEVEL = "-Onone";
				TARGETED_DEVICE_FAMILY = "1,2";
			};
			name = Debug;
		};
		133DA5D91F3046580051F9EF /* Release */ = {
			isa = XCBuildConfiguration;
			buildSettings = {
				ALWAYS_SEARCH_USER_PATHS = NO;
				CLANG_ANALYZER_NONNULL = YES;
				CLANG_ANALYZER_NUMBER_OBJECT_CONVERSION = YES_AGGRESSIVE;
				CLANG_CXX_LANGUAGE_STANDARD = "gnu++0x";
				CLANG_CXX_LIBRARY = "libc++";
				CLANG_ENABLE_MODULES = YES;
				CLANG_ENABLE_OBJC_ARC = YES;
				CLANG_WARN_BOOL_CONVERSION = YES;
				CLANG_WARN_CONSTANT_CONVERSION = YES;
				CLANG_WARN_DIRECT_OBJC_ISA_USAGE = YES_ERROR;
				CLANG_WARN_DOCUMENTATION_COMMENTS = YES;
				CLANG_WARN_EMPTY_BODY = YES;
				CLANG_WARN_ENUM_CONVERSION = YES;
				CLANG_WARN_INFINITE_RECURSION = YES;
				CLANG_WARN_INT_CONVERSION = YES;
				CLANG_WARN_OBJC_ROOT_CLASS = YES_ERROR;
				CLANG_WARN_SUSPICIOUS_MOVE = YES;
				CLANG_WARN_UNREACHABLE_CODE = YES;
				CLANG_WARN__DUPLICATE_METHOD_MATCH = YES;
				"CODE_SIGN_IDENTITY[sdk=iphoneos*]" = "iPhone Developer";
				COPY_PHASE_STRIP = NO;
				DEBUG_INFORMATION_FORMAT = "dwarf-with-dsym";
				ENABLE_NS_ASSERTIONS = NO;
				ENABLE_STRICT_OBJC_MSGSEND = YES;
				GCC_C_LANGUAGE_STANDARD = gnu99;
				GCC_NO_COMMON_BLOCKS = YES;
				GCC_WARN_64_TO_32_BIT_CONVERSION = YES;
				GCC_WARN_ABOUT_RETURN_TYPE = YES_ERROR;
				GCC_WARN_UNDECLARED_SELECTOR = YES;
				GCC_WARN_UNINITIALIZED_AUTOS = YES_AGGRESSIVE;
				GCC_WARN_UNUSED_FUNCTION = YES;
				GCC_WARN_UNUSED_VARIABLE = YES;
				IPHONEOS_DEPLOYMENT_TARGET = 10.3;
				MTL_ENABLE_DEBUG_INFO = NO;
				SDKROOT = iphoneos;
				SWIFT_OPTIMIZATION_LEVEL = "-Owholemodule";
				TARGETED_DEVICE_FAMILY = "1,2";
				VALIDATE_PRODUCT = YES;
			};
			name = Release;
		};
		133DA5DB1F3046580051F9EF /* Debug */ = {
			isa = XCBuildConfiguration;
			buildSettings = {
				ASSETCATALOG_COMPILER_APPICON_NAME = AppIcon;
				DEVELOPMENT_TEAM = RF7N2574KF;
				INFOPLIST_FILE = DeviceConnecitivity_Demo/Info.plist;
				IPHONEOS_DEPLOYMENT_TARGET = 10.0;
				LD_RUNPATH_SEARCH_PATHS = "$(inherited) @executable_path/Frameworks";
				PRODUCT_BUNDLE_IDENTIFIER = "VKP.DeviceConnecitivity-Demo";
				PRODUCT_NAME = "$(TARGET_NAME)";
				SWIFT_VERSION = 3.0;
			};
			name = Debug;
		};
		133DA5DC1F3046580051F9EF /* Release */ = {
			isa = XCBuildConfiguration;
			buildSettings = {
				ASSETCATALOG_COMPILER_APPICON_NAME = AppIcon;
				DEVELOPMENT_TEAM = RF7N2574KF;
				INFOPLIST_FILE = DeviceConnecitivity_Demo/Info.plist;
				IPHONEOS_DEPLOYMENT_TARGET = 10.0;
				LD_RUNPATH_SEARCH_PATHS = "$(inherited) @executable_path/Frameworks";
				PRODUCT_BUNDLE_IDENTIFIER = "VKP.DeviceConnecitivity-Demo";
				PRODUCT_NAME = "$(TARGET_NAME)";
				SWIFT_VERSION = 3.0;
			};
			name = Release;
		};
/* End XCBuildConfiguration section */

/* Begin XCConfigurationList section */
		133DA5C31F3046580051F9EF /* Build configuration list for PBXProject "DeviceConnecitivity_Demo" */ = {
			isa = XCConfigurationList;
			buildConfigurations = (
				133DA5D81F3046580051F9EF /* Debug */,
				133DA5D91F3046580051F9EF /* Release */,
			);
			defaultConfigurationIsVisible = 0;
			defaultConfigurationName = Release;
		};
		133DA5DA1F3046580051F9EF /* Build configuration list for PBXNativeTarget "DeviceConnecitivity_Demo" */ = {
			isa = XCConfigurationList;
			buildConfigurations = (
				133DA5DB1F3046580051F9EF /* Debug */,
				133DA5DC1F3046580051F9EF /* Release */,
			);
			defaultConfigurationIsVisible = 0;
		};
/* End XCConfigurationList section */
	};
	rootObject = 133DA5C01F3046580051F9EF /* Project object */;
}
